
Microsoft Visual Studio Solution File, Format Version 12.00
# Visual Studio Version 16
VisualStudioVersion = 16.0.30717.126
MinimumVisualStudioVersion = 10.0.40219.1
Project("{FAE04EC0-301F-11D3-BF4B-00C04F79EFBC}") = "Skull King", "Skull King\Skull King.csproj", "{14924EA4-7E66-4967-82A9-051449B02E57}"
EndProject
Global
	GlobalSection(SolutionConfigurationPlatforms) = preSolution
		Debug|Any CPU = Debug|Any CPU
		Release|Any CPU = Release|Any CPU
	EndGlobalSection
	GlobalSection(ProjectConfigurationPlatforms) = postSolution
		{14924EA4-7E66-4967-82A9-051449B02E57}.Debug|Any CPU.ActiveCfg = Debug|Any CPU
		{14924EA4-7E66-4967-82A9-051449B02E57}.Debug|Any CPU.Build.0 = Debug|Any CPU
		{14924EA4-7E66-4967-82A9-051449B02E57}.Release|Any CPU.ActiveCfg = Release|Any CPU
		{14924EA4-7E66-4967-82A9-051449B02E57}.Release|Any CPU.Build.0 = Release|Any CPU
	EndGlobalSection
	GlobalSection(SolutionProperties) = preSolution
		HideSolutionNode = FALSE
	EndGlobalSection
	GlobalSection(ExtensibilityGlobals) = postSolution
		SolutionGuid = {2F95EC9F-CE46-4BEE-A02C-6B94B2082363}
	EndGlobalSection
EndGlobal
